<Solution>
  <Folder Name="/.root/">
    <File Path=".config/dotnet-tools.json" />
    <File Path=".csharpierignore" />
    <File Path=".dockerignore" />
    <File Path=".editorconfig" />
    <File Path=".github/workflows/ci.yml" />
    <File Path=".github/workflows/mutation.yml" />
    <File Path=".github/workflows/stale-wip.yml" />
    <File Path=".gitignore" />
    <File Path=".oasdiff-severity.txt" />
    <File Path=".spectral.yaml" />
    <File Path="BannedSymbols.txt" />
    <File Path="CLAUDE.md" />
    <File Path="config.nsdepcop" />
    <File Path="coverage.runsettings" />
    <File Path="Directory.Build.props" />
    <File Path="Directory.Build.targets" />
    <File Path="Directory.Packages.props" />
    <File Path="docker-compose.yml" />
    <File Path="Dockerfile" />
    <File Path="global.json" />
    <File Path="NuGet.Config" />
    <File Path="package.json" />
    <File Path="README.md" />
    <File Path="stryker-config.json" />
  </Folder>
  <Folder Name="/docs/">
    <File Path="docs/workflow.md" />
    <File Path="docs/specs/requirements/functional.md" />
    <File Path="docs/specs/requirements/technical.md" />
    <File Path="docs/specs/api/openapi.yaml" />
    <File Path="docs/specs/db/schema.sql" />
    <File Path="docs/specs/messages/asyncapi.yaml" />
  </Folder>
  <Folder Name="/src/">
    <Project Path="src/SpecFirst.Service.Api/SpecFirst.Service.Api.csproj" />
    <Project Path="src/SpecFirst.Service.Messages/SpecFirst.Service.Messages.csproj" />
    <Project Path="src/SpecFirst.Service.Models/SpecFirst.Service.Models.csproj" />
  </Folder>
  <Folder Name="/tests/">
    <Project Path="tests/SpecFirst.Service.Tests.Spec/SpecFirst.Service.Tests.Spec.csproj" />
    <Project Path="tests/SpecFirst.Service.Tests.Unit/SpecFirst.Service.Tests.Unit.csproj" />
  </Folder>
</Solution>
